# @generated - this file is auto-generated by `mise lock` https://mise.jdx.dev/dev-tools/mise-lock.html

lockfile_version = 3

[[tools.bun]]
version = "1.4.2"
backend = "core:bun"
specifiers = ["1"]

[tools.bun."platforms.linux-arm64"]
checksum = "sha256:54328bbc2d9c8e0c9f892c544d66c57a83b84139e34909e5ee81758f1ac8fda7"
url = "https://github.com/oven-sh/bun/releases/download/bun-v1.4.2/bun-linux-aarch64.zip"

[tools.bun."platforms.linux-arm64-musl"]
checksum = "sha256:71760b6c8ea30623b81a4907cb815d48e2ea266f2e73e751534a44a0607950df"
url = "https://github.com/oven-sh/bun/releases/download/bun-v1.4.2/bun-linux-aarch64-musl.zip"

[tools.bun."platforms.linux-x64"]
checksum = "sha256:36368faef7527875d5ffa52e53cd48021741f2a83eb6208a8dd64068d422a913"
url = "https://github.com/oven-sh/bun/releases/download/bun-v1.4.2/bun-linux-x64.zip"

[tools.bun."platforms.linux-x64-baseline"]
checksum = "sha256:c678040f14fe0440eb839d37cbd0ce4c051a32da72806ac97de6a6aab6bf728f"
url = "https://github.com/oven-sh/bun/releases/download/bun-v1.4.2/bun-linux-x64-baseline.zip"

[tools.bun."platforms.linux-x64-musl"]
checksum = "sha256:4835eca59d6da70f4674f5642f6e459dcadab773695b2ed9922d131057989742"
url = "https://github.com/oven-sh/bun/releases/download/bun-v1.4.2/bun-linux-x64-musl.zip"

[tools.bun."platforms.linux-x64-musl-baseline"]
checksum = "sha256:76e1db84e98f22f78de0a87e309bfbbf297732847f9720db36750646c85c8c18"
url = "https://github.com/oven-sh/bun/releases/download/bun-v1.4.2/bun-linux-x64-musl-baseline.zip"

[tools.bun."platforms.macos-arm64"]
checksum = "sha256:90987a3a16d7db556d886ac3d551e7b6d3edf0a1cf43acaed622e8676be1d12f"
url = "https://github.com/oven-sh/bun/releases/download/bun-v1.4.2/bun-darwin-aarch64.zip"

[tools.bun."platforms.macos-x64"]
checksum = "sha256:80520d7e17526308c9185d261679ac6d27798d3803a0e9f7ff9121ab8affb012"
url = "https://github.com/oven-sh/bun/releases/download/bun-v1.4.2/bun-darwin-x64.zip"

[tools.bun."platforms.macos-x64-baseline"]
checksum = "sha256:bad5bbd6cf14d0980d115f5954c9ff904df619d5e994d2da1ffccd3f316300b0"
url = "https://github.com/oven-sh/bun/releases/download/bun-v1.4.2/bun-darwin-x64-baseline.zip"

[tools.bun."platforms.windows-x64"]
checksum = "sha256:ce4c17497b2f29712a99d3d53f028de28cd42e3bacb8589599e7f000e49b6405"
url = "https://github.com/oven-sh/bun/releases/download/bun-v1.4.2/bun-windows-x64.zip"

[tools.bun."platforms.windows-x64-baseline"]
checksum = "sha256:78c221c2376f79731ccf4e4af0b3bb46d81fefa3296c5abee09ad8a1b21e68c6"
url = "https://github.com/oven-sh/bun/releases/download/bun-v1.4.2/bun-windows-x64-baseline.zip"

[[tools."github:Goldziher/ai-rulez"]]
version = "4.24.2"
backend = "github:Goldziher/ai-rulez"
specifiers = ["4"]

[tools."github:Goldziher/ai-rulez"."platforms.linux-arm64"]
checksum = "sha256:789f2b808d49315ea74560b9d8121489b2ae47c82500697aca33234b4dd61f91"
url = "https://github.com/Goldziher/ai-rulez/releases/download/v4.24.2/ai-rulez_4.24.2_linux_arm64.tar.gz"
url_api = "https://api.github.com/repos/Goldziher/ai-rulez/releases/assets/609888438"

[tools."github:Goldziher/ai-rulez"."platforms.linux-arm64-musl"]
checksum = "sha256:789f2b808d49315ea74560b9d8121489b2ae47c82500697aca33234b4dd61f91"
url = "https://github.com/Goldziher/ai-rulez/releases/download/v4.24.2/ai-rulez_4.24.2_linux_arm64.tar.gz"
url_api = "https://api.github.com/repos/Goldziher/ai-rulez/releases/assets/609888438"

[tools."github:Goldziher/ai-rulez"."platforms.linux-x64"]
checksum = "sha256:ef9aa06f3ee18889f9aa28637438aff21b6114f1654382cf93897c4cf2bb17e4"
url = "https://github.com/Goldziher/ai-rulez/releases/download/v4.24.2/ai-rulez_4.24.2_linux_amd64.tar.gz"
url_api = "https://api.github.com/repos/Goldziher/ai-rulez/releases/assets/609888404"

[tools."github:Goldziher/ai-rulez"."platforms.linux-x64-baseline"]
checksum = "sha256:ef9aa06f3ee18889f9aa28637438aff21b6114f1654382cf93897c4cf2bb17e4"
url = "https://github.com/Goldziher/ai-rulez/releases/download/v4.24.2/ai-rulez_4.24.2_linux_amd64.tar.gz"
url_api = "https://api.github.com/repos/Goldziher/ai-rulez/releases/assets/609888404"

[tools."github:Goldziher/ai-rulez"."platforms.linux-x64-musl"]
checksum = "sha256:ef9aa06f3ee18889f9aa28637438aff21b6114f1654382cf93897c4cf2bb17e4"
url = "https://github.com/Goldziher/ai-rulez/releases/download/v4.24.2/ai-rulez_4.24.2_linux_amd64.tar.gz"
url_api = "https://api.github.com/repos/Goldziher/ai-rulez/releases/assets/609888404"

[tools."github:Goldziher/ai-rulez"."platforms.linux-x64-musl-baseline"]
checksum = "sha256:ef9aa06f3ee18889f9aa28637438aff21b6114f1654382cf93897c4cf2bb17e4"
url = "https://github.com/Goldziher/ai-rulez/releases/download/v4.24.2/ai-rulez_4.24.2_linux_amd64.tar.gz"
url_api = "https://api.github.com/repos/Goldziher/ai-rulez/releases/assets/609888404"

[tools."github:Goldziher/ai-rulez"."platforms.macos-arm64"]
checksum = "sha256:d5261c593f697c41694b328ebf505979afa437482619ccb32ea14bfb1d0bf753"
url = "https://github.com/Goldziher/ai-rulez/releases/download/v4.24.2/ai-rulez_4.24.2_darwin_arm64.tar.gz"
url_api = "https://api.github.com/repos/Goldziher/ai-rulez/releases/assets/609888374"

[tools."github:Goldziher/ai-rulez"."platforms.macos-x64"]
checksum = "sha256:0b9f158aebff995a97768ca20ac50443cd408e028fcf752419eedb8b96e6034b"
url = "https://github.com/Goldziher/ai-rulez/releases/download/v4.24.2/ai-rulez_4.24.2_darwin_amd64.tar.gz"
url_api = "https://api.github.com/repos/Goldziher/ai-rulez/releases/assets/609888341"

[tools."github:Goldziher/ai-rulez"."platforms.macos-x64-baseline"]
checksum = "sha256:0b9f158aebff995a97768ca20ac50443cd408e028fcf752419eedb8b96e6034b"
url = "https://github.com/Goldziher/ai-rulez/releases/download/v4.24.2/ai-rulez_4.24.2_darwin_amd64.tar.gz"
url_api = "https://api.github.com/repos/Goldziher/ai-rulez/releases/assets/609888341"

[tools."github:Goldziher/ai-rulez"."platforms.windows-x64"]
checksum = "sha256:8c59a115d68cf8d08e89fb1082133993472b419c9909e9763e2660fcb770d695"
url = "https://github.com/Goldziher/ai-rulez/releases/download/v4.24.2/ai-rulez_4.24.2_windows_amd64.zip"
url_api = "https://api.github.com/repos/Goldziher/ai-rulez/releases/assets/609888471"

[tools."github:Goldziher/ai-rulez"."platforms.windows-x64-baseline"]
checksum = "sha256:8c59a115d68cf8d08e89fb1082133993472b419c9909e9763e2660fcb770d695"
url = "https://github.com/Goldziher/ai-rulez/releases/download/v4.24.2/ai-rulez_4.24.2_windows_amd64.zip"
url_api = "https://api.github.com/repos/Goldziher/ai-rulez/releases/assets/609888471"

[[tools."github:Goldziher/basemind"]]
version = "0.28.0"
backend = "github:Goldziher/basemind"
specifiers = ["0"]

[tools."github:Goldziher/basemind"."platforms.linux-arm64"]
checksum = "sha256:c2e2000c3905eaf8ced7c1ff8707a903080c720e13367b0327bc8f43a62c8029"
url = "https://github.com/Goldziher/basemind/releases/download/v0.28.0/basemind-aarch64-unknown-linux-gnu.tar.gz"
url_api = "https://api.github.com/repos/Goldziher/basemind/releases/assets/609577756"

[tools."github:Goldziher/basemind"."platforms.linux-arm64-musl"]
checksum = "sha256:c2e2000c3905eaf8ced7c1ff8707a903080c720e13367b0327bc8f43a62c8029"
url = "https://github.com/Goldziher/basemind/releases/download/v0.28.0/basemind-aarch64-unknown-linux-gnu.tar.gz"
url_api = "https://api.github.com/repos/Goldziher/basemind/releases/assets/609577756"

[tools."github:Goldziher/basemind"."platforms.linux-x64"]
checksum = "sha256:1916727846e88fad80aee2af68141e63389fecca8f791c2c2defb95f81e6b5f1"
url = "https://github.com/Goldziher/basemind/releases/download/v0.28.0/basemind-x86_64-unknown-linux-gnu.tar.gz"
url_api = "https://api.github.com/repos/Goldziher/basemind/releases/assets/609588117"

[tools."github:Goldziher/basemind"."platforms.linux-x64-baseline"]
checksum = "sha256:1916727846e88fad80aee2af68141e63389fecca8f791c2c2defb95f81e6b5f1"
url = "https://github.com/Goldziher/basemind/releases/download/v0.28.0/basemind-x86_64-unknown-linux-gnu.tar.gz"
url_api = "https://api.github.com/repos/Goldziher/basemind/releases/assets/609588117"

[tools."github:Goldziher/basemind"."platforms.linux-x64-musl"]
checksum = "sha256:1916727846e88fad80aee2af68141e63389fecca8f791c2c2defb95f81e6b5f1"
url = "https://github.com/Goldziher/basemind/releases/download/v0.28.0/basemind-x86_64-unknown-linux-gnu.tar.gz"
url_api = "https://api.github.com/repos/Goldziher/basemind/releases/assets/609588117"

[tools."github:Goldziher/basemind"."platforms.linux-x64-musl-baseline"]
checksum = "sha256:1916727846e88fad80aee2af68141e63389fecca8f791c2c2defb95f81e6b5f1"
url = "https://github.com/Goldziher/basemind/releases/download/v0.28.0/basemind-x86_64-unknown-linux-gnu.tar.gz"
url_api = "https://api.github.com/repos/Goldziher/basemind/releases/assets/609588117"

[tools."github:Goldziher/basemind"."platforms.macos-arm64"]
checksum = "sha256:420faad446d2712440df42fccb60ac05ee8523ea9eaf6a5a17a92e0a8fcd4b2a"
url = "https://github.com/Goldziher/basemind/releases/download/v0.28.0/basemind-aarch64-apple-darwin.tar.gz"
url_api = "https://api.github.com/repos/Goldziher/basemind/releases/assets/609622672"

[tools."github:Goldziher/basemind"."platforms.macos-x64"]
checksum = "sha256:ab80423189bb2c6ae094e5ab620cd344610320863686e4d1a8f71ceeed26c5a2"
url = "https://github.com/Goldziher/basemind/releases/download/v0.28.0/basemind-x86_64-apple-darwin.tar.gz"
url_api = "https://api.github.com/repos/Goldziher/basemind/releases/assets/609654551"

[tools."github:Goldziher/basemind"."platforms.macos-x64-baseline"]
checksum = "sha256:ab80423189bb2c6ae094e5ab620cd344610320863686e4d1a8f71ceeed26c5a2"
url = "https://github.com/Goldziher/basemind/releases/download/v0.28.0/basemind-x86_64-apple-darwin.tar.gz"
url_api = "https://api.github.com/repos/Goldziher/basemind/releases/assets/609654551"

[tools."github:Goldziher/basemind"."platforms.windows-x64"]
checksum = "sha256:0dcef4d0629e02187224cd00c3c2022c002c6c85f37af82f5ddbed3747511055"
url = "https://github.com/Goldziher/basemind/releases/download/v0.28.0/basemind-x86_64-pc-windows-msvc.zip"
url_api = "https://api.github.com/repos/Goldziher/basemind/releases/assets/609635675"

[tools."github:Goldziher/basemind"."platforms.windows-x64-baseline"]
checksum = "sha256:0dcef4d0629e02187224cd00c3c2022c002c6c85f37af82f5ddbed3747511055"
url = "https://github.com/Goldziher/basemind/releases/download/v0.28.0/basemind-x86_64-pc-windows-msvc.zip"
url_api = "https://api.github.com/repos/Goldziher/basemind/releases/assets/609635675"

[[tools."github:Goldziher/uncomment"]]
version = "3.10.2"
backend = "github:Goldziher/uncomment"
specifiers = ["3"]

[tools."github:Goldziher/uncomment"."platforms.linux-arm64"]
checksum = "sha256:0509d16262bc3357cb584ced6ea3ee9d1d9fd79a97a92098f7088ec33bdeb3a3"
url = "https://github.com/Goldziher/uncomment/releases/download/v3.10.2/uncomment-aarch64-unknown-linux-gnu.tar.gz"
url_api = "https://api.github.com/repos/Goldziher/uncomment/releases/assets/595510610"

[tools."github:Goldziher/uncomment"."platforms.linux-arm64-musl"]
checksum = "sha256:0509d16262bc3357cb584ced6ea3ee9d1d9fd79a97a92098f7088ec33bdeb3a3"
url = "https://github.com/Goldziher/uncomment/releases/download/v3.10.2/uncomment-aarch64-unknown-linux-gnu.tar.gz"
url_api = "https://api.github.com/repos/Goldziher/uncomment/releases/assets/595510610"

[tools."github:Goldziher/uncomment"."platforms.linux-x64"]
checksum = "sha256:54e3c8b0ea6b7f3177cd5f37412e9a6293274d4f2f0ff3f6b79c9e66f703f044"
url = "https://github.com/Goldziher/uncomment/releases/download/v3.10.2/uncomment-x86_64-unknown-linux-gnu.tar.gz"
url_api = "https://api.github.com/repos/Goldziher/uncomment/releases/assets/595510547"

[tools."github:Goldziher/uncomment"."platforms.linux-x64-baseline"]
checksum = "sha256:54e3c8b0ea6b7f3177cd5f37412e9a6293274d4f2f0ff3f6b79c9e66f703f044"
url = "https://github.com/Goldziher/uncomment/releases/download/v3.10.2/uncomment-x86_64-unknown-linux-gnu.tar.gz"
url_api = "https://api.github.com/repos/Goldziher/uncomment/releases/assets/595510547"

[tools."github:Goldziher/uncomment"."platforms.linux-x64-musl"]
checksum = "sha256:54e3c8b0ea6b7f3177cd5f37412e9a6293274d4f2f0ff3f6b79c9e66f703f044"
url = "https://github.com/Goldziher/uncomment/releases/download/v3.10.2/uncomment-x86_64-unknown-linux-gnu.tar.gz"
url_api = "https://api.github.com/repos/Goldziher/uncomment/releases/assets/595510547"

[tools."github:Goldziher/uncomment"."platforms.linux-x64-musl-baseline"]
checksum = "sha256:54e3c8b0ea6b7f3177cd5f37412e9a6293274d4f2f0ff3f6b79c9e66f703f044"
url = "https://github.com/Goldziher/uncomment/releases/download/v3.10.2/uncomment-x86_64-unknown-linux-gnu.tar.gz"
url_api = "https://api.github.com/repos/Goldziher/uncomment/releases/assets/595510547"

[tools."github:Goldziher/uncomment"."platforms.macos-arm64"]
checksum = "sha256:fb598a5b0eb3de3669abd2caf5b3c475c1595894d56e9a72918c9dca2957ded8"
url = "https://github.com/Goldziher/uncomment/releases/download/v3.10.2/uncomment-aarch64-apple-darwin.tar.gz"
url_api = "https://api.github.com/repos/Goldziher/uncomment/releases/assets/595510457"

[tools."github:Goldziher/uncomment"."platforms.macos-x64"]
checksum = "sha256:fde2dbe72b7266579a81383c5e31a628c8fe0c502a9aafbc2328a0b53b708af5"
url = "https://github.com/Goldziher/uncomment/releases/download/v3.10.2/uncomment-x86_64-apple-darwin.tar.gz"
url_api = "https://api.github.com/repos/Goldziher/uncomment/releases/assets/595526223"

[tools."github:Goldziher/uncomment"."platforms.macos-x64-baseline"]
checksum = "sha256:fde2dbe72b7266579a81383c5e31a628c8fe0c502a9aafbc2328a0b53b708af5"
url = "https://github.com/Goldziher/uncomment/releases/download/v3.10.2/uncomment-x86_64-apple-darwin.tar.gz"
url_api = "https://api.github.com/repos/Goldziher/uncomment/releases/assets/595526223"

[tools."github:Goldziher/uncomment"."platforms.windows-x64"]
checksum = "sha256:f8198efacb79e66de50e1d83f4d92c726805ad589f59a537d1b2dbd0be9424ac"
url = "https://github.com/Goldziher/uncomment/releases/download/v3.10.2/uncomment-x86_64-pc-windows-gnu.zip"
url_api = "https://api.github.com/repos/Goldziher/uncomment/releases/assets/595510546"

[tools."github:Goldziher/uncomment"."platforms.windows-x64-baseline"]
checksum = "sha256:f8198efacb79e66de50e1d83f4d92c726805ad589f59a537d1b2dbd0be9424ac"
url = "https://github.com/Goldziher/uncomment/releases/download/v3.10.2/uncomment-x86_64-pc-windows-gnu.zip"
url_api = "https://api.github.com/repos/Goldziher/uncomment/releases/assets/595510546"

[[tools.node]]
version = "24.21.0"
backend = "core:node"
specifiers = ["24"]

[tools.node."platforms.linux-arm64"]
checksum = "sha256:724282c3b43aec998aa9527380465b45d229e021b58035f5f4f63095eabfe5d5"
url = "https://nodejs.org/dist/v24.21.0/node-v24.21.0-linux-arm64.tar.gz"

[tools.node."platforms.linux-arm64-musl"]
checksum = "sha256:3048b0811e158ca0d8672b59c839861763e144492980d8d29b369dfee45747e4"
url = "https://unofficial-builds.nodejs.org/download/release/v24.21.0/node-v24.21.0-linux-arm64-musl.tar.gz"

[tools.node."platforms.linux-x64"]
checksum = "sha256:6e1db87ef58b8819e5d5402eff1536491b18edd8eb7bee5ef7897876e88dc5ff"
url = "https://nodejs.org/dist/v24.21.0/node-v24.21.0-linux-x64.tar.gz"

[tools.node."platforms.linux-x64-baseline"]
checksum = "sha256:6e1db87ef58b8819e5d5402eff1536491b18edd8eb7bee5ef7897876e88dc5ff"
url = "https://nodejs.org/dist/v24.21.0/node-v24.21.0-linux-x64.tar.gz"

[tools.node."platforms.linux-x64-musl"]
checksum = "sha256:01a713e34da98e7b4d2a3191ee7ca3f93dd0384d1a2ef23c379b2161ee6e133a"
url = "https://unofficial-builds.nodejs.org/download/release/v24.21.0/node-v24.21.0-linux-x64-musl.tar.gz"

[tools.node."platforms.linux-x64-musl-baseline"]
checksum = "sha256:01a713e34da98e7b4d2a3191ee7ca3f93dd0384d1a2ef23c379b2161ee6e133a"
url = "https://unofficial-builds.nodejs.org/download/release/v24.21.0/node-v24.21.0-linux-x64-musl.tar.gz"

[tools.node."platforms.macos-arm64"]
checksum = "sha256:bed7eea5325e1108f32ce5228ddd6a5f0f08a499ee42aa7442aea583702f6057"
url = "https://nodejs.org/dist/v24.21.0/node-v24.21.0-darwin-arm64.tar.gz"

[tools.node."platforms.macos-x64"]
checksum = "sha256:1462cb3b3046b815cf8ea436d3da450ec1a9f11dac7e5a46b0ada5305d7e8097"
url = "https://nodejs.org/dist/v24.21.0/node-v24.21.0-darwin-x64.tar.gz"

[tools.node."platforms.macos-x64-baseline"]
checksum = "sha256:1462cb3b3046b815cf8ea436d3da450ec1a9f11dac7e5a46b0ada5305d7e8097"
url = "https://nodejs.org/dist/v24.21.0/node-v24.21.0-darwin-x64.tar.gz"

[tools.node."platforms.windows-x64"]
checksum = "sha256:158f7685b44de51f6c0df1d153526cbcd3e1bc739a8dfc607721cef75de9e541"
url = "https://nodejs.org/dist/v24.21.0/node-v24.21.0-win-x64.zip"

[tools.node."platforms.windows-x64-baseline"]
checksum = "sha256:158f7685b44de51f6c0df1d153526cbcd3e1bc739a8dfc607721cef75de9e541"
url = "https://nodejs.org/dist/v24.21.0/node-v24.21.0-win-x64.zip"

[[tools."npm:@earendil-works/pi-coding-agent"]]
version = "1.1.0"
backend = "npm:@earendil-works/pi-coding-agent"
specifiers = ["1.1.0"]

[[tools."npm:@opencode/cli"]]
version = "2.0.26"
backend = "npm:@opencode/cli"
specifiers = ["2"]

[tools."npm:@opencode/cli".options]
bun_args = "--trust"

[[tools."npm:t3"]]
version = "0.0.46-nightly.20261010.2908"
backend = "npm:t3"
specifiers = ["prefix:0.0.46-nightly"]
